// !$*UTF8*$!
{
	archiveVersion = 1;
	classes = {
	};
	objectVersion = 77;
	objects = {

/* Begin PBXContainerItemProxy section */
		24A3D63C2CAD8A4C00777B21 /* PBXContainerItemProxy */ = {
			isa = PBXContainerItemProxy;
			containerPortal = 24A3D6232CAD8A4B00777B21 /* Project object */;
			proxyType = 1;
			remoteGlobalIDString = 24A3D62A2CAD8A4B00777B21;
			remoteInfo = GolfApp;
		};
		24A3D6462CAD8A4C00777B21 /* PBXContainerItemProxy */ = {
			isa = PBXContainerItemProxy;
			containerPortal = 24A3D6232CAD8A4B00777B21 /* Project object */;
			proxyType = 1;
			remoteGlobalIDString = 24A3D62A2CAD8A4B00777B21;
			remoteInfo = GolfApp;
		};
/* End PBXContainerItemProxy section */

/* Begin PBXFileReference section */
		24A3D62B2CAD8A4B00777B21 /* GolfApp.app */ = {isa = PBXFileReference; explicitFileType = wrapper.application; includeInIndex = 0; path = GolfApp.app; sourceTree = BUILT_PRODUCTS_DIR; };
		24A3D63B2CAD8A4C00777B21 /* GolfAppTests.xctest */ = {isa = PBXFileReference; explicitFileType = wrapper.cfbundle; includeInIndex = 0; path = GolfAppTests.xctest; sourceTree = BUILT_PRODUCTS_DIR; };
		24A3D6452CAD8A4C00777B21 /* GolfAppUITests.xctest */ = {isa = PBXFileReference; explicitFileType = wrapper.cfbundle; includeInIndex = 0; path = GolfAppUITests.xctest; sourceTree = BUILT_PRODUCTS_DIR; };
/* End PBXFileReference section */

/* Begin PBXFileSystemSynchronizedBuildFileExceptionSet section */
		245CCD672CCA67AA00BEA66E /* Exceptions for "GolfApp" folder in "GolfApp" target */ = {
			isa = PBXFileSystemSynchronizedBuildFileExceptionSet;
			membershipExceptions = (
				Info.plist,
			);
			target = 24A3D62A2CAD8A4B00777B21 /* GolfApp */;
		};
		24CC003E2CDCDF750053BB66 /* Exceptions for "GolfAppTests" folder in "GolfApp" target */ = {
			isa = PBXFileSystemSynchronizedBuildFileExceptionSet;
			membershipExceptions = (
				NetworkingTests/MockNetworking.swift,
			);
			target = 24A3D62A2CAD8A4B00777B21 /* GolfApp */;
		};
		24CC00442CDCE0EE0053BB66 /* Exceptions for "GolfAppTests" folder in "GolfAppTests" target */ = {
			isa = PBXFileSystemSynchronizedBuildFileExceptionSet;
			membershipExceptions = (
				NetworkingTests/MockNetworking.swift,
			);
			target = 24A3D63A2CAD8A4C00777B21 /* GolfAppTests */;
		};
/* End PBXFileSystemSynchronizedBuildFileExceptionSet section */

/* Begin PBXFileSystemSynchronizedRootGroup section */
		24A3D62D2CAD8A4B00777B21 /* GolfApp */ = {
			isa = PBXFileSystemSynchronizedRootGroup;
			exceptions = (
				245CCD672CCA67AA00BEA66E /* Exceptions for "GolfApp" folder in "GolfApp" target */,
			);
			path = GolfApp;
			sourceTree = "<group>";
		};
		24A3D63E2CAD8A4C00777B21 /* GolfAppTests */ = {
			isa = PBXFileSystemSynchronizedRootGroup;
			exceptions = (
				24CC003E2CDCDF750053BB66 /* Exceptions for "GolfAppTests" folder in "GolfApp" target */,
				24CC00442CDCE0EE0053BB66 /* Exceptions for "GolfAppTests" folder in "GolfAppTests" target */,
			);
			path = GolfAppTests;
			sourceTree = "<group>";
		};
		24A3D6482CAD8A4C00777B21 /* GolfAppUITests */ = {
			isa = PBXFileSystemSynchronizedRootGroup;
			path = GolfAppUITests;
			sourceTree = "<group>";
		};
/* End PBXFileSystemSynchronizedRootGroup section */

/* Begin PBXFrameworksBuildPhase section */
		24A3D6282CAD8A4B00777B21 /* Frameworks */ = {
			isa = PBXFrameworksBuildPhase;
			buildActionMask = 2147483647;
			files = (
			);
			runOnlyForDeploymentPostprocessing = 0;
		};
		24A3D6382CAD8A4C00777B21 /* Frameworks */ = {
			isa = PBXFrameworksBuildPhase;
			buildActionMask = 2147483647;
			files = (
			);
			runOnlyForDeploymentPostprocessing = 0;
		};
		24A3D6422CAD8A4C00777B21 /* Frameworks */ = {
			isa = PBXFrameworksBuildPhase;
			buildActionMask = 2147483647;
			files = (
			);
			runOnlyForDeploymentPostprocessing = 0;
		};
/* End PBXFrameworksBuildPhase section */

/* Begin PBXGroup section */
		24A3D6222CAD8A4B00777B21 = {
			isa = PBXGroup;
			children = (
				24A3D62D2CAD8A4B00777B21 /* GolfApp */,
				24A3D63E2CAD8A4C00777B21 /* GolfAppTests */,
				24A3D6482CAD8A4C00777B21 /* GolfAppUITests */,
				24A3D62C2CAD8A4B00777B21 /* Products */,
			);
			sourceTree = "<group>";
		};
		24A3D62C2CAD8A4B00777B21 /* Products */ = {
			isa = PBXGroup;
			children = (
				24A3D62B2CAD8A4B00777B21 /* GolfApp.app */,
				24A3D63B2CAD8A4C00777B21 /* GolfAppTests.xctest */,
				24A3D6452CAD8A4C00777B21 /* GolfAppUITests.xctest */,
			);
			name = Products;
			sourceTree = "<group>";
		};
/* End PBXGroup section */

/* Begin PBXNativeTarget section */
		24A3D62A2CAD8A4B00777B21 /* GolfApp */ = {
			isa = PBXNativeTarget;
			buildConfigurationList = 24A3D64F2CAD8A4C00777B21 /* Build configuration list for PBXNativeTarget "GolfApp" */;
			buildPhases = (
				24A3D6272CAD8A4B00777B21 /* Sources */,
				24A3D6282CAD8A4B00777B21 /* Frameworks */,
				24A3D6292CAD8A4B00777B21 /* Resources */,
			);
			buildRules = (
			);
			dependencies = (
				240B0FBB2CE751E700E3E9F2 /* PBXTargetDependency */,
			);
			fileSystemSynchronizedGroups = (
				24A3D62D2CAD8A4B00777B21 /* GolfApp */,
			);
			name = GolfApp;
			packageProductDependencies = (
			);
			productName = GolfApp;
			productReference = 24A3D62B2CAD8A4B00777B21 /* GolfApp.app */;
			productType = "com.apple.product-type.application";
		};
		24A3D63A2CAD8A4C00777B21 /* GolfAppTests */ = {
			isa = PBXNativeTarget;
			buildConfigurationList = 24A3D6522CAD8A4C00777B21 /* Build configuration list for PBXNativeTarget "GolfAppTests" */;
			buildPhases = (
				24A3D6372CAD8A4C00777B21 /* Sources */,
				24A3D6382CAD8A4C00777B21 /* Frameworks */,
				24A3D6392CAD8A4C00777B21 /* Resources */,
			);
			buildRules = (
			);
			dependencies = (
				24A3D63D2CAD8A4C00777B21 /* PBXTargetDependency */,
			);
			fileSystemSynchronizedGroups = (
				24A3D63E2CAD8A4C00777B21 /* GolfAppTests */,
			);
			name = GolfAppTests;
			packageProductDependencies = (
			);
			productName = GolfAppTests;
			productReference = 24A3D63B2CAD8A4C00777B21 /* GolfAppTests.xctest */;
			productType = "com.apple.product-type.bundle.unit-test";
		};
		24A3D6442CAD8A4C00777B21 /* GolfAppUITests */ = {
			isa = PBXNativeTarget;
			buildConfigurationList = 24A3D6552CAD8A4C00777B21 /* Build configuration list for PBXNativeTarget "GolfAppUITests" */;
			buildPhases = (
				24A3D6412CAD8A4C00777B21 /* Sources */,
				24A3D6422CAD8A4C00777B21 /* Frameworks */,
				24A3D6432CAD8A4C00777B21 /* Resources */,
			);
			buildRules = (
			);
			dependencies = (
				24A3D6472CAD8A4C00777B21 /* PBXTargetDependency */,
			);
			fileSystemSynchronizedGroups = (
				24A3D6482CAD8A4C00777B21 /* GolfAppUITests */,
			);
			name = GolfAppUITests;
			packageProductDependencies = (
			);
			productName = GolfAppUITests;
			productReference = 24A3D6452CAD8A4C00777B21 /* GolfAppUITests.xctest */;
			productType = "com.apple.product-type.bundle.ui-testing";
		};
/* End PBXNativeTarget section */

/* Begin PBXProject section */
		24A3D6232CAD8A4B00777B21 /* Project object */ = {
			isa = PBXProject;
			attributes = {
				BuildIndependentTargetsInParallel = 1;
				LastSwiftUpdateCheck = 1600;
				LastUpgradeCheck = 1600;
				TargetAttributes = {
					24A3D62A2CAD8A4B00777B21 = {
						CreatedOnToolsVersion = 16.0;
					};
					24A3D63A2CAD8A4C00777B21 = {
						CreatedOnToolsVersion = 16.0;
						TestTargetID = 24A3D62A2CAD8A4B00777B21;
					};
					24A3D6442CAD8A4C00777B21 = {
						CreatedOnToolsVersion = 16.0;
						TestTargetID = 24A3D62A2CAD8A4B00777B21;
					};
				};
			};
			buildConfigurationList = 24A3D6262CAD8A4B00777B21 /* Build configuration list for PBXProject "GolfApp" */;
			developmentRegion = en;
			hasScannedForEncodings = 0;
			knownRegions = (
				en,
				Base,
			);
			mainGroup = 24A3D6222CAD8A4B00777B21;
			minimizedProjectReferenceProxies = 1;
			packageReferences = (
				240B0FB92CE7518900E3E9F2 /* XCRemoteSwiftPackageReference "lottie-spm" */,
			);
			preferredProjectObjectVersion = 77;
			productRefGroup = 24A3D62C2CAD8A4B00777B21 /* Products */;
			projectDirPath = "";
			projectRoot = "";
			targets = (
				24A3D62A2CAD8A4B00777B21 /* GolfApp */,
				24A3D63A2CAD8A4C00777B21 /* GolfAppTests */,
				24A3D6442CAD8A4C00777B21 /* GolfAppUITests */,
			);
		};
/* End PBXProject section */

/* Begin PBXResourcesBuildPhase section */
		24A3D6292CAD8A4B00777B21 /* Resources */ = {
			isa = PBXResourcesBuildPhase;
			buildActionMask = 2147483647;
			files = (
			);
			runOnlyForDeploymentPostprocessing = 0;
		};
		24A3D6392CAD8A4C00777B21 /* Resources */ = {
			isa = PBXResourcesBuildPhase;
			buildActionMask = 2147483647;
			files = (
			);
			runOnlyForDeploymentPostprocessing = 0;
		};
		24A3D6432CAD8A4C00777B21 /* Resources */ = {
			isa = PBXResourcesBuildPhase;
			buildActionMask = 2147483647;
			files = (
			);
			runOnlyForDeploymentPostprocessing = 0;
		};
/* End PBXResourcesBuildPhase section */

/* Begin PBXSourcesBuildPhase section */
		24A3D6272CAD8A4B00777B21 /* Sources */ = {
			isa = PBXSourcesBuildPhase;
			buildActionMask = 2147483647;
			files = (
			);
			runOnlyForDeploymentPostprocessing = 0;
		};
		24A3D6372CAD8A4C00777B21 /* Sources */ = {
			isa = PBXSourcesBuildPhase;
			buildActionMask = 2147483647;
			files = (
			);
			runOnlyForDeploymentPostprocessing = 0;
		};
		24A3D6412CAD8A4C00777B21 /* Sources */ = {
			isa = PBXSourcesBuildPhase;
			buildActionMask = 2147483647;
			files = (
			);
			runOnlyForDeploymentPostprocessing = 0;
		};
/* End PBXSourcesBuildPhase section */

/* Begin PBXTargetDependency section */
		240B0FBB2CE751E700E3E9F2 /* PBXTargetDependency */ = {
			isa = PBXTargetDependency;
			productRef = 240B0FBA2CE751E700E3E9F2 /* Lottie */;
		};
		24A3D63D2CAD8A4C00777B21 /* PBXTargetDependency */ = {
			isa = PBXTargetDependency;
			target = 24A3D62A2CAD8A4B00777B21 /* GolfApp */;
			targetProxy = 24A3D63C2CAD8A4C00777B21 /* PBXContainerItemProxy */;
		};
		24A3D6472CAD8A4C00777B21 /* PBXTargetDependency */ = {
			isa = PBXTargetDependency;
			target = 24A3D62A2CAD8A4B00777B21 /* GolfApp */;
			targetProxy = 24A3D6462CAD8A4C00777B21 /* PBXContainerItemProxy */;
		};
/* End PBXTargetDependency section */

/* Begin XCBuildConfiguration section */
		24A3D64D2CAD8A4C00777B21 /* Debug */ = {
			isa = XCBuildConfiguration;
			buildSettings = {
				ALWAYS_SEARCH_USER_PATHS = NO;
				ASSETCATALOG_COMPILER_GENERATE_SWIFT_ASSET_SYMBOL_EXTENSIONS = YES;
				CLANG_ANALYZER_NONNULL = YES;
				CLANG_ANALYZER_NUMBER_OBJECT_CONVERSION = YES_AGGRESSIVE;
				CLANG_CXX_LANGUAGE_STANDARD = "gnu++20";
				CLANG_ENABLE_MODULES = YES;
				CLANG_ENABLE_OBJC_ARC = YES;
				CLANG_ENABLE_OBJC_WEAK = YES;
				CLANG_WARN_BLOCK_CAPTURE_AUTORELEASING = YES;
				CLANG_WARN_BOOL_CONVERSION = YES;
				CLANG_WARN_COMMA = YES;
				CLANG_WARN_CONSTANT_CONVERSION = YES;
				CLANG_WARN_DEPRECATED_OBJC_IMPLEMENTATIONS = YES;
				CLANG_WARN_DIRECT_OBJC_ISA_USAGE = YES_ERROR;
				CLANG_WARN_DOCUMENTATION_COMMENTS = YES;
				CLANG_WARN_EMPTY_BODY = YES;
				CLANG_WARN_ENUM_CONVERSION = YES;
				CLANG_WARN_INFINITE_RECURSION = YES;
				CLANG_WARN_INT_CONVERSION = YES;
				CLANG_WARN_NON_LITERAL_NULL_CONVERSION = YES;
				CLANG_WARN_OBJC_IMPLICIT_RETAIN_SELF = YES;
				CLANG_WARN_OBJC_LITERAL_CONVERSION = YES;
				CLANG_WARN_OBJC_ROOT_CLASS = YES_ERROR;
				CLANG_WARN_QUOTED_INCLUDE_IN_FRAMEWORK_HEADER = YES;
				CLANG_WARN_RANGE_LOOP_ANALYSIS = YES;
				CLANG_WARN_STRICT_PROTOTYPES = YES;
				CLANG_WARN_SUSPICIOUS_MOVE = YES;
				CLANG_WARN_UNGUARDED_AVAILABILITY = YES_AGGRESSIVE;
				CLANG_WARN_UNREACHABLE_CODE = YES;
				CLANG_WARN__DUPLICATE_METHOD_MATCH = YES;
				COPY_PHASE_STRIP = NO;
				DEBUG_INFORMATION_FORMAT = dwarf;
				ENABLE_STRICT_OBJC_MSGSEND = YES;
				ENABLE_TESTABILITY = YES;
				ENABLE_USER_SCRIPT_SANDBOXING = YES;
				GCC_C_LANGUAGE_STANDARD = gnu17;
				GCC_DYNAMIC_NO_PIC = NO;
				GCC_NO_COMMON_BLOCKS = YES;
				GCC_OPTIMIZATION_LEVEL = 0;
				GCC_PREPROCESSOR_DEFINITIONS = (
					"DEBUG=1",
					"$(inherited)",
				);
				GCC_WARN_64_TO_32_BIT_CONVERSION = YES;
				GCC_WARN_ABOUT_RETURN_TYPE = YES_ERROR;
				GCC_WARN_UNDECLARED_SELECTOR = YES;
				GCC_WARN_UNINITIALIZED_AUTOS = YES_AGGRESSIVE;
				GCC_WARN_UNUSED_FUNCTION = YES;
				GCC_WARN_UNUSED_VARIABLE = YES;
				IPHONEOS_DEPLOYMENT_TARGET = 18.0;
				LOCALIZATION_PREFERS_STRING_CATALOGS = YES;
				MTL_ENABLE_DEBUG_INFO = INCLUDE_SOURCE;
				MTL_FAST_MATH = YES;
				ONLY_ACTIVE_ARCH = YES;
				SDKROOT = iphoneos;
				SWIFT_ACTIVE_COMPILATION_CONDITIONS = "DEBUG $(inherited)";
				SWIFT_OPTIMIZATION_LEVEL = "-Onone";
			};
			name = Debug;
		};
		24A3D64E2CAD8A4C00777B21 /* Release */ = {
			isa = XCBuildConfiguration;
			buildSettings = {
				ALWAYS_SEARCH_USER_PATHS = NO;
				ASSETCATALOG_COMPILER_GENERATE_SWIFT_ASSET_SYMBOL_EXTENSIONS = YES;
				CLANG_ANALYZER_NONNULL = YES;
				CLANG_ANALYZER_NUMBER_OBJECT_CONVERSION = YES_AGGRESSIVE;
				CLANG_CXX_LANGUAGE_STANDARD = "gnu++20";
				CLANG_ENABLE_MODULES = YES;
				CLANG_ENABLE_OBJC_ARC = YES;
				CLANG_ENABLE_OBJC_WEAK = YES;
				CLANG_WARN_BLOCK_CAPTURE_AUTORELEASING = YES;
				CLANG_WARN_BOOL_CONVERSION = YES;
				CLANG_WARN_COMMA = YES;
				CLANG_WARN_CONSTANT_CONVERSION = YES;
				CLANG_WARN_DEPRECATED_OBJC_IMPLEMENTATIONS = YES;
				CLANG_WARN_DIRECT_OBJC_ISA_USAGE = YES_ERROR;
				CLANG_WARN_DOCUMENTATION_COMMENTS = YES;
				CLANG_WARN_EMPTY_BODY = YES;
				CLANG_WARN_ENUM_CONVERSION = YES;
				CLANG_WARN_INFINITE_RECURSION = YES;
				CLANG_WARN_INT_CONVERSION = YES;
				CLANG_WARN_NON_LITERAL_NULL_CONVERSION = YES;
				CLANG_WARN_OBJC_IMPLICIT_RETAIN_SELF = YES;
				CLANG_WARN_OBJC_LITERAL_CONVERSION = YES;
				CLANG_WARN_OBJC_ROOT_CLASS = YES_ERROR;
				CLANG_WARN_QUOTED_INCLUDE_IN_FRAMEWORK_HEADER = YES;
				CLANG_WARN_RANGE_LOOP_ANALYSIS = YES;
				CLANG_WARN_STRICT_PROTOTYPES = YES;
				CLANG_WARN_SUSPICIOUS_MOVE = YES;
				CLANG_WARN_UNGUARDED_AVAILABILITY = YES_AGGRESSIVE;
				CLANG_WARN_UNREACHABLE_CODE = YES;
				CLANG_WARN__DUPLICATE_METHOD_MATCH = YES;
				COPY_PHASE_STRIP = NO;
				DEBUG_INFORMATION_FORMAT = "dwarf-with-dsym";
				ENABLE_NS_ASSERTIONS = NO;
				ENABLE_STRICT_OBJC_MSGSEND = YES;
				ENABLE_USER_SCRIPT_SANDBOXING = YES;
				GCC_C_LANGUAGE_STANDARD = gnu17;
				GCC_NO_COMMON_BLOCKS = YES;
				GCC_WARN_64_TO_32_BIT_CONVERSION = YES;
				GCC_WARN_ABOUT_RETURN_TYPE = YES_ERROR;
				GCC_WARN_UNDECLARED_SELECTOR = YES;
				GCC_WARN_UNINITIALIZED_AUTOS = YES_AGGRESSIVE;
				GCC_WARN_UNUSED_FUNCTION = YES;
				GCC_WARN_UNUSED_VARIABLE = YES;
				IPHONEOS_DEPLOYMENT_TARGET = 18.0;
				LOCALIZATION_PREFERS_STRING_CATALOGS = YES;
				MTL_ENABLE_DEBUG_INFO = NO;
				MTL_FAST_MATH = YES;
				SDKROOT = iphoneos;
				SWIFT_COMPILATION_MODE = wholemodule;
				VALIDATE_PRODUCT = YES;
			};
			name = Release;
		};
		24A3D6502CAD8A4C00777B21 /* Debug */ = {
			isa = XCBuildConfiguration;
			buildSettings = {
				ASSETCATALOG_COMPILER_APPICON_NAME = AppIcon;
				ASSETCATALOG_COMPILER_GLOBAL_ACCENT_COLOR_NAME = AccentColor;
				CODE_SIGN_STYLE = Automatic;
				CURRENT_PROJECT_VERSION = 1;
				DEVELOPMENT_ASSET_PATHS = "\"GolfApp/Preview Content\"";
				DEVELOPMENT_TEAM = 3U522M2BNU;
				ENABLE_PREVIEWS = YES;
				GENERATE_INFOPLIST_FILE = YES;
				INFOPLIST_FILE = GolfApp/Info.plist;
				INFOPLIST_KEY_LSApplicationCategoryType = "";
				INFOPLIST_KEY_NSLocationWhenInUseUsageDescription = "To find user location";
				INFOPLIST_KEY_UIApplicationSceneManifest_Generation = YES;
				INFOPLIST_KEY_UIApplicationSupportsIndirectInputEvents = YES;
				INFOPLIST_KEY_UILaunchScreen_Generation = YES;
				INFOPLIST_KEY_UISupportedInterfaceOrientations_iPad = "UIInterfaceOrientationPortrait UIInterfaceOrientationPortraitUpsideDown UIInterfaceOrientationLandscapeLeft UIInterfaceOrientationLandscapeRight";
				INFOPLIST_KEY_UISupportedInterfaceOrientations_iPhone = "UIInterfaceOrientationPortrait UIInterfaceOrientationLandscapeLeft UIInterfaceOrientationLandscapeRight";
				LD_RUNPATH_SEARCH_PATHS = (
					"$(inherited)",
					"@executable_path/Frameworks",
				);
				MARKETING_VERSION = 1.0;
				PRODUCT_BUNDLE_IDENTIFIER = com.kynan.GolfApp;
				PRODUCT_NAME = "$(TARGET_NAME)";
				SWIFT_EMIT_LOC_STRINGS = YES;
				SWIFT_VERSION = 5.0;
				TARGETED_DEVICE_FAMILY = "1,2";
			};
			name = Debug;
		};
		24A3D6512CAD8A4C00777B21 /* Release */ = {
			isa = XCBuildConfiguration;
			buildSettings = {
				ASSETCATALOG_COMPILER_APPICON_NAME = AppIcon;
				ASSETCATALOG_COMPILER_GLOBAL_ACCENT_COLOR_NAME = AccentColor;
				CODE_SIGN_STYLE = Automatic;
				CURRENT_PROJECT_VERSION = 1;
				DEVELOPMENT_ASSET_PATHS = "\"GolfApp/Preview Content\"";
				DEVELOPMENT_TEAM = 3U522M2BNU;
				ENABLE_PREVIEWS = YES;
				GENERATE_INFOPLIST_FILE = YES;
				INFOPLIST_FILE = GolfApp/Info.plist;
				INFOPLIST_KEY_LSApplicationCategoryType = "";
				INFOPLIST_KEY_NSLocationWhenInUseUsageDescription = "To find user location";
				INFOPLIST_KEY_UIApplicationSceneManifest_Generation = YES;
				INFOPLIST_KEY_UIApplicationSupportsIndirectInputEvents = YES;
				INFOPLIST_KEY_UILaunchScreen_Generation = YES;
				INFOPLIST_KEY_UISupportedInterfaceOrientations_iPad = "UIInterfaceOrientationPortrait UIInterfaceOrientationPortraitUpsideDown UIInterfaceOrientationLandscapeLeft UIInterfaceOrientationLandscapeRight";
				INFOPLIST_KEY_UISupportedInterfaceOrientations_iPhone = "UIInterfaceOrientationPortrait UIInterfaceOrientationLandscapeLeft UIInterfaceOrientationLandscapeRight";
				LD_RUNPATH_SEARCH_PATHS = (
					"$(inherited)",
					"@executable_path/Frameworks",
				);
				MARKETING_VERSION = 1.0;
				PRODUCT_BUNDLE_IDENTIFIER = com.kynan.GolfApp;
				PRODUCT_NAME = "$(TARGET_NAME)";
				SWIFT_EMIT_LOC_STRINGS = YES;
				SWIFT_VERSION = 5.0;
				TARGETED_DEVICE_FAMILY = "1,2";
			};
			name = Release;
		};
		24A3D6532CAD8A4C00777B21 /* Debug */ = {
			isa = XCBuildConfiguration;
			buildSettings = {
				BUNDLE_LOADER = "$(TEST_HOST)";
				CODE_SIGN_STYLE = Automatic;
				CURRENT_PROJECT_VERSION = 1;
				GENERATE_INFOPLIST_FILE = YES;
				IPHONEOS_DEPLOYMENT_TARGET = 18.0;
				MARKETING_VERSION = 1.0;
				PRODUCT_BUNDLE_IDENTIFIER = com.kynan.GolfAppTests;
				PRODUCT_NAME = "$(TARGET_NAME)";
				SWIFT_EMIT_LOC_STRINGS = NO;
				SWIFT_VERSION = 5.0;
				TARGETED_DEVICE_FAMILY = "1,2";
				TEST_HOST = "$(BUILT_PRODUCTS_DIR)/GolfApp.app/$(BUNDLE_EXECUTABLE_FOLDER_PATH)/GolfApp";
			};
			name = Debug;
		};
		24A3D6542CAD8A4C00777B21 /* Release */ = {
			isa = XCBuildConfiguration;
			buildSettings = {
				BUNDLE_LOADER = "$(TEST_HOST)";
				CODE_SIGN_STYLE = Automatic;
				CURRENT_PROJECT_VERSION = 1;
				GENERATE_INFOPLIST_FILE = YES;
				IPHONEOS_DEPLOYMENT_TARGET = 18.0;
				MARKETING_VERSION = 1.0;
				PRODUCT_BUNDLE_IDENTIFIER = com.kynan.GolfAppTests;
				PRODUCT_NAME = "$(TARGET_NAME)";
				SWIFT_EMIT_LOC_STRINGS = NO;
				SWIFT_VERSION = 5.0;
				TARGETED_DEVICE_FAMILY = "1,2";
				TEST_HOST = "$(BUILT_PRODUCTS_DIR)/GolfApp.app/$(BUNDLE_EXECUTABLE_FOLDER_PATH)/GolfApp";
			};
			name = Release;
		};
		24A3D6562CAD8A4C00777B21 /* Debug */ = {
			isa = XCBuildConfiguration;
			buildSettings = {
				CODE_SIGN_STYLE = Automatic;
				CURRENT_PROJECT_VERSION = 1;
				GENERATE_INFOPLIST_FILE = YES;
				MARKETING_VERSION = 1.0;
				PRODUCT_BUNDLE_IDENTIFIER = com.kynan.GolfAppUITests;
				PRODUCT_NAME = "$(TARGET_NAME)";
				SWIFT_EMIT_LOC_STRINGS = NO;
				SWIFT_VERSION = 5.0;
				TARGETED_DEVICE_FAMILY = "1,2";
				TEST_TARGET_NAME = GolfApp;
			};
			name = Debug;
		};
		24A3D6572CAD8A4C00777B21 /* Release */ = {
			isa = XCBuildConfiguration;
			buildSettings = {
				CODE_SIGN_STYLE = Automatic;
				CURRENT_PROJECT_VERSION = 1;
				GENERATE_INFOPLIST_FILE = YES;
				MARKETING_VERSION = 1.0;
				PRODUCT_BUNDLE_IDENTIFIER = com.kynan.GolfAppUITests;
				PRODUCT_NAME = "$(TARGET_NAME)";
				SWIFT_EMIT_LOC_STRINGS = NO;
				SWIFT_VERSION = 5.0;
				TARGETED_DEVICE_FAMILY = "1,2";
				TEST_TARGET_NAME = GolfApp;
			};
			name = Release;
		};
/* End XCBuildConfiguration section */

/* Begin XCConfigurationList section */
		24A3D6262CAD8A4B00777B21 /* Build configuration list for PBXProject "GolfApp" */ = {
			isa = XCConfigurationList;
			buildConfigurations = (
				24A3D64D2CAD8A4C00777B21 /* Debug */,
				24A3D64E2CAD8A4C00777B21 /* Release */,
			);
			defaultConfigurationIsVisible = 0;
			defaultConfigurationName = Release;
		};
		24A3D64F2CAD8A4C00777B21 /* Build configuration list for PBXNativeTarget "GolfApp" */ = {
			isa = XCConfigurationList;
			buildConfigurations = (
				24A3D6502CAD8A4C00777B21 /* Debug */,
				24A3D6512CAD8A4C00777B21 /* Release */,
			);
			defaultConfigurationIsVisible = 0;
			defaultConfigurationName = Release;
		};
		24A3D6522CAD8A4C00777B21 /* Build configuration list for PBXNativeTarget "GolfAppTests" */ = {
			isa = XCConfigurationList;
			buildConfigurations = (
				24A3D6532CAD8A4C00777B21 /* Debug */,
				24A3D6542CAD8A4C00777B21 /* Release */,
			);
			defaultConfigurationIsVisible = 0;
			defaultConfigurationName = Release;
		};
		24A3D6552CAD8A4C00777B21 /* Build configuration list for PBXNativeTarget "GolfAppUITests" */ = {
			isa = XCConfigurationList;
			buildConfigurations = (
				24A3D6562CAD8A4C00777B21 /* Debug */,
				24A3D6572CAD8A4C00777B21 /* Release */,
			);
			defaultConfigurationIsVisible = 0;
			defaultConfigurationName = Release;
		};
/* End XCConfigurationList section */

/* Begin XCRemoteSwiftPackageReference section */
		240B0FB92CE7518900E3E9F2 /* XCRemoteSwiftPackageReference "lottie-spm" */ = {
			isa = XCRemoteSwiftPackageReference;
			repositoryURL = "https://github.com/airbnb/lottie-spm.git";
			requirement = {
				kind = upToNextMajorVersion;
				minimumVersion = 4.5.0;
			};
		};
/* End XCRemoteSwiftPackageReference section */

/* Begin XCSwiftPackageProductDependency section */
		240B0FBA2CE751E700E3E9F2 /* Lottie */ = {
			isa = XCSwiftPackageProductDependency;
			package = 240B0FB92CE7518900E3E9F2 /* XCRemoteSwiftPackageReference "lottie-spm" */;
			productName = Lottie;
		};
/* End XCSwiftPackageProductDependency section */
	};
	rootObject = 24A3D6232CAD8A4B00777B21 /* Project object */;
}
